
Microsoft Visual Studio Solution File, Format Version 12.00
# Visual Studio Version 16
VisualStudioVersion = 16.0.29905.134
MinimumVisualStudioVersion = 10.0.40219.1
Project("{FAE04EC0-301F-11D3-BF4B-00C04F79EFBC}") = "StackOverflowProject", "StackOverflowProject\StackOverflowProject.csproj", "{1A774660-7E35-4DCC-9786-13B740D441F2}"
EndProject
Project("{FAE04EC0-301F-11D3-BF4B-00C04F79EFBC}") = "StackOverflowProject.DomainModels", "StackOverflowProject.DomainModels\StackOverflowProject.DomainModels.csproj", "{4FD06104-ED67-43AD-85DC-1BA6FDCB6400}"
EndProject
Project("{FAE04EC0-301F-11D3-BF4B-00C04F79EFBC}") = "StackOverflowProject.ViewModels", "StackOverflowProject.ViewModels\StackOverflowProject.ViewModels.csproj", "{7D323699-44C7-44AA-A4E4-420A87052C46}"
EndProject
Project("{FAE04EC0-301F-11D3-BF4B-00C04F79EFBC}") = "StackOverflowProject.Repositories", "StackOverflowProject.Repositories\StackOverflowProject.Repositories.csproj", "{71ED1195-74E1-42B2-9BD2-E75B131BFA82}"
EndProject
Project("{FAE04EC0-301F-11D3-BF4B-00C04F79EFBC}") = "StackOverflowProject.ServiceModels", "StackOverflowProject.ServiceModels\StackOverflowProject.ServiceModels.csproj", "{7E13731C-0C93-4204-A4D2-54806C0C0E85}"
EndProject
Global
	GlobalSection(SolutionConfigurationPlatforms) = preSolution
		Debug|Any CPU = Debug|Any CPU
		Release|Any CPU = Release|Any CPU
	EndGlobalSection
	GlobalSection(ProjectConfigurationPlatforms) = postSolution
		{1A774660-7E35-4DCC-9786-13B740D441F2}.Debug|Any CPU.ActiveCfg = Debug|Any CPU
		{1A774660-7E35-4DCC-9786-13B740D441F2}.Debug|Any CPU.Build.0 = Debug|Any CPU
		{1A774660-7E35-4DCC-9786-13B740D441F2}.Release|Any CPU.ActiveCfg = Release|Any CPU
		{1A774660-7E35-4DCC-9786-13B740D441F2}.Release|Any CPU.Build.0 = Release|Any CPU
		{4FD06104-ED67-43AD-85DC-1BA6FDCB6400}.Debug|Any CPU.ActiveCfg = Debug|Any CPU
		{4FD06104-ED67-43AD-85DC-1BA6FDCB6400}.Debug|Any CPU.Build.0 = Debug|Any CPU
		{4FD06104-ED67-43AD-85DC-1BA6FDCB6400}.Release|Any CPU.ActiveCfg = Release|Any CPU
		{4FD06104-ED67-43AD-85DC-1BA6FDCB6400}.Release|Any CPU.Build.0 = Release|Any CPU
		{7D323699-44C7-44AA-A4E4-420A87052C46}.Debug|Any CPU.ActiveCfg = Debug|Any CPU
		{7D323699-44C7-44AA-A4E4-420A87052C46}.Debug|Any CPU.Build.0 = Debug|Any CPU
		{7D323699-44C7-44AA-A4E4-420A87052C46}.Release|Any CPU.ActiveCfg = Release|Any CPU
		{7D323699-44C7-44AA-A4E4-420A87052C46}.Release|Any CPU.Build.0 = Release|Any CPU
		{71ED1195-74E1-42B2-9BD2-E75B131BFA82}.Debug|Any CPU.ActiveCfg = Debug|Any CPU
		{71ED1195-74E1-42B2-9BD2-E75B131BFA82}.Debug|Any CPU.Build.0 = Debug|Any CPU
		{71ED1195-74E1-42B2-9BD2-E75B131BFA82}.Release|Any CPU.ActiveCfg = Release|Any CPU
		{71ED1195-74E1-42B2-9BD2-E75B131BFA82}.Release|Any CPU.Build.0 = Release|Any CPU
		{7E13731C-0C93-4204-A4D2-54806C0C0E85}.Debug|Any CPU.ActiveCfg = Debug|Any CPU
		{7E13731C-0C93-4204-A4D2-54806C0C0E85}.Debug|Any CPU.Build.0 = Debug|Any CPU
		{7E13731C-0C93-4204-A4D2-54806C0C0E85}.Release|Any CPU.ActiveCfg = Release|Any CPU
		{7E13731C-0C93-4204-A4D2-54806C0C0E85}.Release|Any CPU.Build.0 = Release|Any CPU
	EndGlobalSection
	GlobalSection(SolutionProperties) = preSolution
		HideSolutionNode = FALSE
	EndGlobalSection
	GlobalSection(ExtensibilityGlobals) = postSolution
		SolutionGuid = {8D664EBB-5D6D-4AB6-BEF8-EB7CDA33905D}
	EndGlobalSection
EndGlobal
